
Microsoft Visual Studio Solution File, Format Version 12.00
# Visual Studio Version 16
VisualStudioVersion = 16.0.28315.86
MinimumVisualStudioVersion = 10.0.40219.1
Project("{9A19103F-16F7-4668-BE54-9A1E7A4F7556}") = "ConsoleDemo", "ConsoleDemo\ConsoleDemo.csproj", "{5025FD8F-0F1A-43E5-A996-7753BC703D62}"
EndProject
Project("{9A19103F-16F7-4668-BE54-9A1E7A4F7556}") = "Parser", "Parser\Parser.csproj", "{1B8E5BBC-E5CD-427B-A6C7-F30047AA4A39}"
EndProject
Project("{9A19103F-16F7-4668-BE54-9A1E7A4F7556}") = "Parser.Tests", "Parser.Tests\Parser.Tests.csproj", "{7BFEAD86-EAC3-43C8-9388-EBAB377938D4}"
EndProject
Project("{9A19103F-16F7-4668-BE54-9A1E7A4F7556}") = "SyntaxGenerator", "SyntaxGenerator\SyntaxGenerator.csproj", "{03487753-C1F5-4753-B576-593294ED86D1}"
EndProject
Project("{9A19103F-16F7-4668-BE54-9A1E7A4F7556}") = "Semantics", "Semantics\Semantics.csproj", "{4595633B-7F9A-4771-B348-F12BB9DD7ABC}"
EndProject
Project("{2150E333-8FDC-42A3-9474-1A3956D46DE8}") = "Solution Items", "Solution Items", "{5D38DE2B-50D4-4F66-A8C1-08D9191AD6BE}"
	ProjectSection(SolutionItems) = preProject
		LICENSE.txt = LICENSE.txt
		README.md = README.md
	EndProjectSection
EndProject
Project("{9A19103F-16F7-4668-BE54-9A1E7A4F7556}") = "Repl", "Repl\Repl.csproj", "{8FEDFE5D-3320-418F-88A6-09C1B51C4441}"
EndProject
Project("{FAE04EC0-301F-11D3-BF4B-00C04F79EFBC}") = "MApplication", "MApplication\MApplication.csproj", "{A7EE271C-8822-43EA-BA13-5D6D5DC5B581}"
EndProject
Global
	GlobalSection(SolutionConfigurationPlatforms) = preSolution
		Debug|Any CPU = Debug|Any CPU
		Release|Any CPU = Release|Any CPU
	EndGlobalSection
	GlobalSection(ProjectConfigurationPlatforms) = postSolution
		{5025FD8F-0F1A-43E5-A996-7753BC703D62}.Debug|Any CPU.ActiveCfg = Debug|Any CPU
		{5025FD8F-0F1A-43E5-A996-7753BC703D62}.Debug|Any CPU.Build.0 = Debug|Any CPU
		{5025FD8F-0F1A-43E5-A996-7753BC703D62}.Release|Any CPU.ActiveCfg = Release|Any CPU
		{5025FD8F-0F1A-43E5-A996-7753BC703D62}.Release|Any CPU.Build.0 = Release|Any CPU
		{1B8E5BBC-E5CD-427B-A6C7-F30047AA4A39}.Debug|Any CPU.ActiveCfg = Debug|Any CPU
		{1B8E5BBC-E5CD-427B-A6C7-F30047AA4A39}.Debug|Any CPU.Build.0 = Debug|Any CPU
		{1B8E5BBC-E5CD-427B-A6C7-F30047AA4A39}.Release|Any CPU.ActiveCfg = Release|Any CPU
		{1B8E5BBC-E5CD-427B-A6C7-F30047AA4A39}.Release|Any CPU.Build.0 = Release|Any CPU
		{7BFEAD86-EAC3-43C8-9388-EBAB377938D4}.Debug|Any CPU.ActiveCfg = Debug|Any CPU
		{7BFEAD86-EAC3-43C8-9388-EBAB377938D4}.Debug|Any CPU.Build.0 = Debug|Any CPU
		{7BFEAD86-EAC3-43C8-9388-EBAB377938D4}.Release|Any CPU.ActiveCfg = Release|Any CPU
		{7BFEAD86-EAC3-43C8-9388-EBAB377938D4}.Release|Any CPU.Build.0 = Release|Any CPU
		{03487753-C1F5-4753-B576-593294ED86D1}.Debug|Any CPU.ActiveCfg = Debug|Any CPU
		{03487753-C1F5-4753-B576-593294ED86D1}.Debug|Any CPU.Build.0 = Debug|Any CPU
		{03487753-C1F5-4753-B576-593294ED86D1}.Release|Any CPU.ActiveCfg = Release|Any CPU
		{03487753-C1F5-4753-B576-593294ED86D1}.Release|Any CPU.Build.0 = Release|Any CPU
		{4595633B-7F9A-4771-B348-F12BB9DD7ABC}.Debug|Any CPU.ActiveCfg = Debug|Any CPU
		{4595633B-7F9A-4771-B348-F12BB9DD7ABC}.Debug|Any CPU.Build.0 = Debug|Any CPU
		{4595633B-7F9A-4771-B348-F12BB9DD7ABC}.Release|Any CPU.ActiveCfg = Release|Any CPU
		{4595633B-7F9A-4771-B348-F12BB9DD7ABC}.Release|Any CPU.Build.0 = Release|Any CPU
		{8FEDFE5D-3320-418F-88A6-09C1B51C4441}.Debug|Any CPU.ActiveCfg = Debug|Any CPU
		{8FEDFE5D-3320-418F-88A6-09C1B51C4441}.Debug|Any CPU.Build.0 = Debug|Any CPU
		{8FEDFE5D-3320-418F-88A6-09C1B51C4441}.Release|Any CPU.ActiveCfg = Release|Any CPU
		{8FEDFE5D-3320-418F-88A6-09C1B51C4441}.Release|Any CPU.Build.0 = Release|Any CPU
		{A7EE271C-8822-43EA-BA13-5D6D5DC5B581}.Debug|Any CPU.ActiveCfg = Debug|Any CPU
		{A7EE271C-8822-43EA-BA13-5D6D5DC5B581}.Debug|Any CPU.Build.0 = Debug|Any CPU
		{A7EE271C-8822-43EA-BA13-5D6D5DC5B581}.Release|Any CPU.ActiveCfg = Release|Any CPU
		{A7EE271C-8822-43EA-BA13-5D6D5DC5B581}.Release|Any CPU.Build.0 = Release|Any CPU
	EndGlobalSection
	GlobalSection(SolutionProperties) = preSolution
		HideSolutionNode = FALSE
	EndGlobalSection
	GlobalSection(ExtensibilityGlobals) = postSolution
		SolutionGuid = {C193171D-7EBC-4CA8-B8A0-24404327BFA0}
	EndGlobalSection
EndGlobal
