
Microsoft Visual Studio Solution File, Format Version 12.00
# Visual Studio 15
VisualStudioVersion = 15.0.27130.2026
MinimumVisualStudioVersion = 10.0.40219.1
Project("{FAE04EC0-301F-11D3-BF4B-00C04F79EFBC}") = "ProjectConsole", "ProjectConsole\ProjectConsole.csproj", "{5025FD8F-0F1A-43E5-A996-7753BC703D62}"
EndProject
Project("{FAE04EC0-301F-11D3-BF4B-00C04F79EFBC}") = "Parser", "Parser\Parser.csproj", "{B20EDC10-E6E6-4430-8527-B95206DEF941}"
EndProject
Project("{FAE04EC0-301F-11D3-BF4B-00C04F79EFBC}") = "Parser.Tests", "Parser.Tests\Parser.Tests.csproj", "{83008C72-2EFC-41EB-AC8D-023C6AE1709F}"
EndProject
Project("{FAE04EC0-301F-11D3-BF4B-00C04F79EFBC}") = "Lexer", "Lexer\Lexer.csproj", "{1B8E5BBC-E5CD-427B-A6C7-F30047AA4A39}"
EndProject
Project("{FAE04EC0-301F-11D3-BF4B-00C04F79EFBC}") = "Lexer.Tests", "Lexer.Tests\Lexer.Tests.csproj", "{7BFEAD86-EAC3-43C8-9388-EBAB377938D4}"
EndProject
Global
	GlobalSection(SolutionConfigurationPlatforms) = preSolution
		Debug|Any CPU = Debug|Any CPU
		Release|Any CPU = Release|Any CPU
	EndGlobalSection
	GlobalSection(ProjectConfigurationPlatforms) = postSolution
		{5025FD8F-0F1A-43E5-A996-7753BC703D62}.Debug|Any CPU.ActiveCfg = Debug|Any CPU
		{5025FD8F-0F1A-43E5-A996-7753BC703D62}.Debug|Any CPU.Build.0 = Debug|Any CPU
		{5025FD8F-0F1A-43E5-A996-7753BC703D62}.Release|Any CPU.ActiveCfg = Release|Any CPU
		{5025FD8F-0F1A-43E5-A996-7753BC703D62}.Release|Any CPU.Build.0 = Release|Any CPU
		{B20EDC10-E6E6-4430-8527-B95206DEF941}.Debug|Any CPU.ActiveCfg = Debug|Any CPU
		{B20EDC10-E6E6-4430-8527-B95206DEF941}.Debug|Any CPU.Build.0 = Debug|Any CPU
		{B20EDC10-E6E6-4430-8527-B95206DEF941}.Release|Any CPU.ActiveCfg = Release|Any CPU
		{B20EDC10-E6E6-4430-8527-B95206DEF941}.Release|Any CPU.Build.0 = Release|Any CPU
		{83008C72-2EFC-41EB-AC8D-023C6AE1709F}.Debug|Any CPU.ActiveCfg = Debug|Any CPU
		{83008C72-2EFC-41EB-AC8D-023C6AE1709F}.Debug|Any CPU.Build.0 = Debug|Any CPU
		{83008C72-2EFC-41EB-AC8D-023C6AE1709F}.Release|Any CPU.ActiveCfg = Release|Any CPU
		{83008C72-2EFC-41EB-AC8D-023C6AE1709F}.Release|Any CPU.Build.0 = Release|Any CPU
		{1B8E5BBC-E5CD-427B-A6C7-F30047AA4A39}.Debug|Any CPU.ActiveCfg = Debug|Any CPU
		{1B8E5BBC-E5CD-427B-A6C7-F30047AA4A39}.Debug|Any CPU.Build.0 = Debug|Any CPU
		{1B8E5BBC-E5CD-427B-A6C7-F30047AA4A39}.Release|Any CPU.ActiveCfg = Release|Any CPU
		{1B8E5BBC-E5CD-427B-A6C7-F30047AA4A39}.Release|Any CPU.Build.0 = Release|Any CPU
		{7BFEAD86-EAC3-43C8-9388-EBAB377938D4}.Debug|Any CPU.ActiveCfg = Debug|Any CPU
		{7BFEAD86-EAC3-43C8-9388-EBAB377938D4}.Debug|Any CPU.Build.0 = Debug|Any CPU
		{7BFEAD86-EAC3-43C8-9388-EBAB377938D4}.Release|Any CPU.ActiveCfg = Release|Any CPU
		{7BFEAD86-EAC3-43C8-9388-EBAB377938D4}.Release|Any CPU.Build.0 = Release|Any CPU
	EndGlobalSection
	GlobalSection(SolutionProperties) = preSolution
		HideSolutionNode = FALSE
	EndGlobalSection
	GlobalSection(ExtensibilityGlobals) = postSolution
		SolutionGuid = {C193171D-7EBC-4CA8-B8A0-24404327BFA0}
	EndGlobalSection
EndGlobal
